
Microsoft Visual Studio Solution File, Format Version 12.00
# Visual Studio Version 17
VisualStudioVersion = 17.13.35913.81 d17.13
MinimumVisualStudioVersion = 10.0.40219.1
Project("{2150E333-8FDC-42A3-9474-1A3956D46DE8}") = "UserService", "UserService", "{02EA681E-C7D8-13C7-8484-4AC65E1B71E8}"
EndProject
Project("{FAE04EC0-301F-11D3-BF4B-00C04F79EFBC}") = "UserService.Business", "UserService.Business\UserService.Business.csproj", "{2E1A54B3-F353-4EA7-B7EE-25839D972B9D}"
EndProject
Project("{FAE04EC0-301F-11D3-BF4B-00C04F79EFBC}") = "UserService.Data", "UserService.Data\UserService.Data.csproj", "{F30E0378-58B4-42C4-B1C2-A8004C853EA1}"
EndProject
Project("{FAE04EC0-301F-11D3-BF4B-00C04F79EFBC}") = "UserService.API", "UserService.API\UserService.API.csproj", "{D0C35D85-F432-40AA-A012-E1F74865FBA8}"
EndProject
Global
	GlobalSection(SolutionConfigurationPlatforms) = preSolution
		Debug|Any CPU = Debug|Any CPU
		Release|Any CPU = Release|Any CPU
	EndGlobalSection
	GlobalSection(ProjectConfigurationPlatforms) = postSolution
		{2E1A54B3-F353-4EA7-B7EE-25839D972B9D}.Debug|Any CPU.ActiveCfg = Debug|Any CPU
		{2E1A54B3-F353-4EA7-B7EE-25839D972B9D}.Debug|Any CPU.Build.0 = Debug|Any CPU
		{2E1A54B3-F353-4EA7-B7EE-25839D972B9D}.Release|Any CPU.ActiveCfg = Release|Any CPU
		{2E1A54B3-F353-4EA7-B7EE-25839D972B9D}.Release|Any CPU.Build.0 = Release|Any CPU
		{F30E0378-58B4-42C4-B1C2-A8004C853EA1}.Debug|Any CPU.ActiveCfg = Debug|Any CPU
		{F30E0378-58B4-42C4-B1C2-A8004C853EA1}.Debug|Any CPU.Build.0 = Debug|Any CPU
		{F30E0378-58B4-42C4-B1C2-A8004C853EA1}.Release|Any CPU.ActiveCfg = Release|Any CPU
		{F30E0378-58B4-42C4-B1C2-A8004C853EA1}.Release|Any CPU.Build.0 = Release|Any CPU
		{D0C35D85-F432-40AA-A012-E1F74865FBA8}.Debug|Any CPU.ActiveCfg = Debug|Any CPU
		{D0C35D85-F432-40AA-A012-E1F74865FBA8}.Debug|Any CPU.Build.0 = Debug|Any CPU
		{D0C35D85-F432-40AA-A012-E1F74865FBA8}.Release|Any CPU.ActiveCfg = Release|Any CPU
		{D0C35D85-F432-40AA-A012-E1F74865FBA8}.Release|Any CPU.Build.0 = Release|Any CPU
	EndGlobalSection
	GlobalSection(SolutionProperties) = preSolution
		HideSolutionNode = FALSE
	EndGlobalSection
	GlobalSection(NestedProjects) = preSolution
		{2E1A54B3-F353-4EA7-B7EE-25839D972B9D} = {02EA681E-C7D8-13C7-8484-4AC65E1B71E8}
		{F30E0378-58B4-42C4-B1C2-A8004C853EA1} = {02EA681E-C7D8-13C7-8484-4AC65E1B71E8}
		{D0C35D85-F432-40AA-A012-E1F74865FBA8} = {02EA681E-C7D8-13C7-8484-4AC65E1B71E8}
	EndGlobalSection
	GlobalSection(ExtensibilityGlobals) = postSolution
		SolutionGuid = {562F26AB-FF9C-4041-B86F-BB2085F25BDC}
	EndGlobalSection
EndGlobal
